
Microsoft Visual Studio Solution File, Format Version 12.00
# Visual Studio Version 17
VisualStudioVersion = 17.4.33213.308
MinimumVisualStudioVersion = 10.0.40219.1
Project("{9A19103F-16F7-4668-BE54-9A1E7A4F7556}") = "Modelos", "Modelos\Modelos.csproj", "{20C4A56B-9A4C-4063-92AE-AF04F30CED18}"
EndProject
Project("{9A19103F-16F7-4668-BE54-9A1E7A4F7556}") = "Datos", "Datos\Datos.csproj", "{9A1752E2-ED42-4243-B607-EBDBE8B99A38}"
EndProject
Project("{9A19103F-16F7-4668-BE54-9A1E7A4F7556}") = "Blazor", "Blazor\Blazor.csproj", "{F0B15D43-8D84-4C3A-94D8-CDC7FEA368C3}"
EndProject
Global
	GlobalSection(SolutionConfigurationPlatforms) = preSolution
		Debug|Any CPU = Debug|Any CPU
		Release|Any CPU = Release|Any CPU
	EndGlobalSection
	GlobalSection(ProjectConfigurationPlatforms) = postSolution
		{20C4A56B-9A4C-4063-92AE-AF04F30CED18}.Debug|Any CPU.ActiveCfg = Debug|Any CPU
		{20C4A56B-9A4C-4063-92AE-AF04F30CED18}.Debug|Any CPU.Build.0 = Debug|Any CPU
		{20C4A56B-9A4C-4063-92AE-AF04F30CED18}.Release|Any CPU.ActiveCfg = Release|Any CPU
		{20C4A56B-9A4C-4063-92AE-AF04F30CED18}.Release|Any CPU.Build.0 = Release|Any CPU
		{9A1752E2-ED42-4243-B607-EBDBE8B99A38}.Debug|Any CPU.ActiveCfg = Debug|Any CPU
		{9A1752E2-ED42-4243-B607-EBDBE8B99A38}.Debug|Any CPU.Build.0 = Debug|Any CPU
		{9A1752E2-ED42-4243-B607-EBDBE8B99A38}.Release|Any CPU.ActiveCfg = Release|Any CPU
		{9A1752E2-ED42-4243-B607-EBDBE8B99A38}.Release|Any CPU.Build.0 = Release|Any CPU
		{F0B15D43-8D84-4C3A-94D8-CDC7FEA368C3}.Debug|Any CPU.ActiveCfg = Debug|Any CPU
		{F0B15D43-8D84-4C3A-94D8-CDC7FEA368C3}.Debug|Any CPU.Build.0 = Debug|Any CPU
		{F0B15D43-8D84-4C3A-94D8-CDC7FEA368C3}.Release|Any CPU.ActiveCfg = Release|Any CPU
		{F0B15D43-8D84-4C3A-94D8-CDC7FEA368C3}.Release|Any CPU.Build.0 = Release|Any CPU
	EndGlobalSection
	GlobalSection(SolutionProperties) = preSolution
		HideSolutionNode = FALSE
	EndGlobalSection
	GlobalSection(ExtensibilityGlobals) = postSolution
		SolutionGuid = {6D820186-B5AB-4A88-97A4-69D07E209375}
	EndGlobalSection
EndGlobal
